
Microsoft Visual Studio Solution File, Format Version 12.00
# Visual Studio Version 16
VisualStudioVersion = 16.0.30128.74
MinimumVisualStudioVersion = 10.0.40219.1
Project("{FAE04EC0-301F-11D3-BF4B-00C04F79EFBC}") = "YamlToJson", "YamlToJson\YamlToJson.csproj", "{65FF5AFF-9FFF-4E91-96FA-A56086C19729}"
EndProject
Global
	GlobalSection(SolutionConfigurationPlatforms) = preSolution
		Debug|Any CPU = Debug|Any CPU
		Release|Any CPU = Release|Any CPU
	EndGlobalSection
	GlobalSection(ProjectConfigurationPlatforms) = postSolution
		{65FF5AFF-9FFF-4E91-96FA-A56086C19729}.Debug|Any CPU.ActiveCfg = Debug|Any CPU
		{65FF5AFF-9FFF-4E91-96FA-A56086C19729}.Debug|Any CPU.Build.0 = Debug|Any CPU
		{65FF5AFF-9FFF-4E91-96FA-A56086C19729}.Release|Any CPU.ActiveCfg = Release|Any CPU
		{65FF5AFF-9FFF-4E91-96FA-A56086C19729}.Release|Any CPU.Build.0 = Release|Any CPU
	EndGlobalSection
	GlobalSection(SolutionProperties) = preSolution
		HideSolutionNode = FALSE
	EndGlobalSection
	GlobalSection(ExtensibilityGlobals) = postSolution
		SolutionGuid = {66E04FC2-A707-4274-9A0F-82D356A403D9}
	EndGlobalSection
EndGlobal
